
Microsoft Visual Studio Solution File, Format Version 12.00
# Visual Studio Version 17
VisualStudioVersion = 17.3.32819.101
MinimumVisualStudioVersion = 10.0.40219.1
Project("{FAE04EC0-301F-11D3-BF4B-00C04F79EFBC}") = "StackOverflow", "StackOverflow\StackOverflow.csproj", "{9D840739-77A6-4657-9607-29947C1892F0}"
EndProject
Project("{FAE04EC0-301F-11D3-BF4B-00C04F79EFBC}") = "StackOverFlow.DomainModels", "StackOverFlow.DomainModels\StackOverFlow.DomainModels.csproj", "{4AE5F495-9951-4D74-8290-39AA8F1D8EB6}"
EndProject
Project("{FAE04EC0-301F-11D3-BF4B-00C04F79EFBC}") = "StackOverFlow.ViewModels", "StackOverFlow.ViewModels\StackOverFlow.ViewModels.csproj", "{4B6C3E79-B701-4294-912D-35745C168D99}"
EndProject
Project("{FAE04EC0-301F-11D3-BF4B-00C04F79EFBC}") = "StackOverFlow.Repositories", "StackOverFlow.Repositories\StackOverFlow.Repositories.csproj", "{1712AC38-97B8-4CA8-9701-E1D3DF14C58D}"
EndProject
Project("{FAE04EC0-301F-11D3-BF4B-00C04F79EFBC}") = "StackOverFlow.ServiceLayer", "StackOverFlow.ServiceLayer\StackOverFlow.ServiceLayer.csproj", "{33E3F1CB-810F-4BC6-8AB6-2CEF071F791F}"
EndProject
Global
	GlobalSection(SolutionConfigurationPlatforms) = preSolution
		Debug|Any CPU = Debug|Any CPU
		Release|Any CPU = Release|Any CPU
	EndGlobalSection
	GlobalSection(ProjectConfigurationPlatforms) = postSolution
		{9D840739-77A6-4657-9607-29947C1892F0}.Debug|Any CPU.ActiveCfg = Debug|Any CPU
		{9D840739-77A6-4657-9607-29947C1892F0}.Debug|Any CPU.Build.0 = Debug|Any CPU
		{9D840739-77A6-4657-9607-29947C1892F0}.Release|Any CPU.ActiveCfg = Release|Any CPU
		{9D840739-77A6-4657-9607-29947C1892F0}.Release|Any CPU.Build.0 = Release|Any CPU
		{4AE5F495-9951-4D74-8290-39AA8F1D8EB6}.Debug|Any CPU.ActiveCfg = Debug|Any CPU
		{4AE5F495-9951-4D74-8290-39AA8F1D8EB6}.Debug|Any CPU.Build.0 = Debug|Any CPU
		{4AE5F495-9951-4D74-8290-39AA8F1D8EB6}.Release|Any CPU.ActiveCfg = Release|Any CPU
		{4AE5F495-9951-4D74-8290-39AA8F1D8EB6}.Release|Any CPU.Build.0 = Release|Any CPU
		{4B6C3E79-B701-4294-912D-35745C168D99}.Debug|Any CPU.ActiveCfg = Debug|Any CPU
		{4B6C3E79-B701-4294-912D-35745C168D99}.Debug|Any CPU.Build.0 = Debug|Any CPU
		{4B6C3E79-B701-4294-912D-35745C168D99}.Release|Any CPU.ActiveCfg = Release|Any CPU
		{4B6C3E79-B701-4294-912D-35745C168D99}.Release|Any CPU.Build.0 = Release|Any CPU
		{1712AC38-97B8-4CA8-9701-E1D3DF14C58D}.Debug|Any CPU.ActiveCfg = Debug|Any CPU
		{1712AC38-97B8-4CA8-9701-E1D3DF14C58D}.Debug|Any CPU.Build.0 = Debug|Any CPU
		{1712AC38-97B8-4CA8-9701-E1D3DF14C58D}.Release|Any CPU.ActiveCfg = Release|Any CPU
		{1712AC38-97B8-4CA8-9701-E1D3DF14C58D}.Release|Any CPU.Build.0 = Release|Any CPU
		{33E3F1CB-810F-4BC6-8AB6-2CEF071F791F}.Debug|Any CPU.ActiveCfg = Debug|Any CPU
		{33E3F1CB-810F-4BC6-8AB6-2CEF071F791F}.Debug|Any CPU.Build.0 = Debug|Any CPU
		{33E3F1CB-810F-4BC6-8AB6-2CEF071F791F}.Release|Any CPU.ActiveCfg = Release|Any CPU
		{33E3F1CB-810F-4BC6-8AB6-2CEF071F791F}.Release|Any CPU.Build.0 = Release|Any CPU
	EndGlobalSection
	GlobalSection(SolutionProperties) = preSolution
		HideSolutionNode = FALSE
	EndGlobalSection
	GlobalSection(ExtensibilityGlobals) = postSolution
		SolutionGuid = {B7247562-E2A5-435A-808C-82E7F4B97AB1}
	EndGlobalSection
EndGlobal
